// !$*UTF8*$!
{
	archiveVersion = 1;
	classes = {
	};
	objectVersion = 46;
	objects = {

/* Begin PBXBuildFile section */
		E20AC97C1E0EFADD005C2EB1 /* RNCubeTransition.m in Sources */ = {isa = PBXBuildFile; fileRef = E20AC97B1E0EFADD005C2EB1 /* RNCubeTransition.m */; };
		E20AC97D1E0EFADD005C2EB1 /* RNCubeTransition.h in CopyFiles */ = {isa = PBXBuildFile; fileRef = E20AC97A1E0EFADD005C2EB1 /* RNCubeTransition.h */; };
		E20AC9841E0EFB0F005C2EB1 /* RNCubeTransitionManager.m in Sources */ = {isa = PBXBuildFile; fileRef = E20AC9831E0EFB0F005C2EB1 /* RNCubeTransitionManager.m */; };
/* End PBXBuildFile section */

/* Begin PBXCopyFilesBuildPhase section */
		E20AC9751E0EFADD005C2EB1 /* CopyFiles */ = {
			isa = PBXCopyFilesBuildPhase;
			buildActionMask = 2147483647;
			dstPath = "include/$(PRODUCT_NAME)";
			dstSubfolderSpec = 16;
			files = (
				E20AC97D1E0EFADD005C2EB1 /* RNCubeTransition.h in CopyFiles */,
			);
			runOnlyForDeploymentPostprocessing = 0;
		};
/* End PBXCopyFilesBuildPhase section */

/* Begin PBXFileReference section */
		E20AC9771E0EFADD005C2EB1 /* libRNCubeTransition.a */ = {isa = PBXFileReference; explicitFileType = archive.ar; includeInIndex = 0; path = libRNCubeTransition.a; sourceTree = BUILT_PRODUCTS_DIR; };
		E20AC97A1E0EFADD005C2EB1 /* RNCubeTransition.h */ = {isa = PBXFileReference; lastKnownFileType = sourcecode.c.h; path = RNCubeTransition.h; sourceTree = "<group>"; };
		E20AC97B1E0EFADD005C2EB1 /* RNCubeTransition.m */ = {isa = PBXFileReference; lastKnownFileType = sourcecode.c.objc; path = RNCubeTransition.m; sourceTree = "<group>"; };
		E20AC9831E0EFB0F005C2EB1 /* RNCubeTransitionManager.m */ = {isa = PBXFileReference; fileEncoding = 4; lastKnownFileType = sourcecode.c.objc; path = RNCubeTransitionManager.m; sourceTree = "<group>"; };
		E20AC9851E0EFB3F005C2EB1 /* RNCubeTransitionManager.h */ = {isa = PBXFileReference; lastKnownFileType = sourcecode.c.h; path = RNCubeTransitionManager.h; sourceTree = "<group>"; };
/* End PBXFileReference section */

/* Begin PBXFrameworksBuildPhase section */
		E20AC9741E0EFADD005C2EB1 /* Frameworks */ = {
			isa = PBXFrameworksBuildPhase;
			buildActionMask = 2147483647;
			files = (
			);
			runOnlyForDeploymentPostprocessing = 0;
		};
/* End PBXFrameworksBuildPhase section */

/* Begin PBXGroup section */
		E20AC96E1E0EFADD005C2EB1 = {
			isa = PBXGroup;
			children = (
				E20AC9791E0EFADD005C2EB1 /* RNCubeTransition */,
				E20AC9781E0EFADD005C2EB1 /* Products */,
			);
			sourceTree = "<group>";
		};
		E20AC9781E0EFADD005C2EB1 /* Products */ = {
			isa = PBXGroup;
			children = (
				E20AC9771E0EFADD005C2EB1 /* libRNCubeTransition.a */,
			);
			name = Products;
			sourceTree = "<group>";
		};
		E20AC9791E0EFADD005C2EB1 /* RNCubeTransition */ = {
			isa = PBXGroup;
			children = (
				E20AC97A1E0EFADD005C2EB1 /* RNCubeTransition.h */,
				E20AC97B1E0EFADD005C2EB1 /* RNCubeTransition.m */,
				E20AC9831E0EFB0F005C2EB1 /* RNCubeTransitionManager.m */,
				E20AC9851E0EFB3F005C2EB1 /* RNCubeTransitionManager.h */,
			);
			path = RNCubeTransition;
			sourceTree = "<group>";
		};
/* End PBXGroup section */

/* Begin PBXNativeTarget section */
		E20AC9761E0EFADD005C2EB1 /* RNCubeTransition */ = {
			isa = PBXNativeTarget;
			buildConfigurationList = E20AC9801E0EFADD005C2EB1 /* Build configuration list for PBXNativeTarget "RNCubeTransition" */;
			buildPhases = (
				E20AC9731E0EFADD005C2EB1 /* Sources */,
				E20AC9741E0EFADD005C2EB1 /* Frameworks */,
				E20AC9751E0EFADD005C2EB1 /* CopyFiles */,
			);
			buildRules = (
			);
			dependencies = (
			);
			name = RNCubeTransition;
			productName = RNCubeTransition;
			productReference = E20AC9771E0EFADD005C2EB1 /* libRNCubeTransition.a */;
			productType = "com.apple.product-type.library.static";
		};
/* End PBXNativeTarget section */

/* Begin PBXProject section */
		E20AC96F1E0EFADD005C2EB1 /* Project object */ = {
			isa = PBXProject;
			attributes = {
				LastUpgradeCheck = 0820;
				ORGANIZATIONNAME = "Thomas Lackemann";
				TargetAttributes = {
					E20AC9761E0EFADD005C2EB1 = {
						CreatedOnToolsVersion = 8.2.1;
						DevelopmentTeam = 59DYL5X825;
						ProvisioningStyle = Automatic;
					};
				};
			};
			buildConfigurationList = E20AC9721E0EFADD005C2EB1 /* Build configuration list for PBXProject "RNCubeTransition" */;
			compatibilityVersion = "Xcode 3.2";
			developmentRegion = English;
			hasScannedForEncodings = 0;
			knownRegions = (
				en,
			);
			mainGroup = E20AC96E1E0EFADD005C2EB1;
			productRefGroup = E20AC9781E0EFADD005C2EB1 /* Products */;
			projectDirPath = "";
			projectRoot = "";
			targets = (
				E20AC9761E0EFADD005C2EB1 /* RNCubeTransition */,
			);
		};
/* End PBXProject section */

/* Begin PBXSourcesBuildPhase section */
		E20AC9731E0EFADD005C2EB1 /* Sources */ = {
			isa = PBXSourcesBuildPhase;
			buildActionMask = 2147483647;
			files = (
				E20AC97C1E0EFADD005C2EB1 /* RNCubeTransition.m in Sources */,
				E20AC9841E0EFB0F005C2EB1 /* RNCubeTransitionManager.m in Sources */,
			);
			runOnlyForDeploymentPostprocessing = 0;
		};
/* End PBXSourcesBuildPhase section */

/* Begin XCBuildConfiguration section */
		E20AC97E1E0EFADD005C2EB1 /* Debug */ = {
			isa = XCBuildConfiguration;
			buildSettings = {
				ALWAYS_SEARCH_USER_PATHS = NO;
				CLANG_ANALYZER_NONNULL = YES;
				CLANG_CXX_LANGUAGE_STANDARD = "gnu++0x";
				CLANG_CXX_LIBRARY = "libc++";
				CLANG_ENABLE_MODULES = YES;
				CLANG_ENABLE_OBJC_ARC = YES;
				CLANG_WARN_BOOL_CONVERSION = YES;
				CLANG_WARN_CONSTANT_CONVERSION = YES;
				CLANG_WARN_DIRECT_OBJC_ISA_USAGE = YES_ERROR;
				CLANG_WARN_DOCUMENTATION_COMMENTS = YES;
				CLANG_WARN_EMPTY_BODY = YES;
				CLANG_WARN_ENUM_CONVERSION = YES;
				CLANG_WARN_INFINITE_RECURSION = YES;
				CLANG_WARN_INT_CONVERSION = YES;
				CLANG_WARN_OBJC_ROOT_CLASS = YES_ERROR;
				CLANG_WARN_SUSPICIOUS_MOVE = YES;
				CLANG_WARN_UNREACHABLE_CODE = YES;
				CLANG_WARN__DUPLICATE_METHOD_MATCH = YES;
				"CODE_SIGN_IDENTITY[sdk=iphoneos*]" = "iPhone Developer";
				COPY_PHASE_STRIP = NO;
				DEBUG_INFORMATION_FORMAT = dwarf;
				ENABLE_STRICT_OBJC_MSGSEND = YES;
				ENABLE_TESTABILITY = YES;
				GCC_C_LANGUAGE_STANDARD = gnu99;
				GCC_DYNAMIC_NO_PIC = NO;
				GCC_NO_COMMON_BLOCKS = YES;
				GCC_OPTIMIZATION_LEVEL = 0;
				GCC_PREPROCESSOR_DEFINITIONS = (
					"DEBUG=1",
					"$(inherited)",
				);
				GCC_WARN_64_TO_32_BIT_CONVERSION = YES;
				GCC_WARN_ABOUT_RETURN_TYPE = YES_ERROR;
				GCC_WARN_UNDECLARED_SELECTOR = YES;
				GCC_WARN_UNINITIALIZED_AUTOS = YES_AGGRESSIVE;
				GCC_WARN_UNUSED_FUNCTION = YES;
				GCC_WARN_UNUSED_VARIABLE = YES;
				IPHONEOS_DEPLOYMENT_TARGET = 10.2;
				MTL_ENABLE_DEBUG_INFO = YES;
				ONLY_ACTIVE_ARCH = YES;
				SDKROOT = iphoneos;
			};
			name = Debug;
		};
		E20AC97F1E0EFADD005C2EB1 /* Release */ = {
			isa = XCBuildConfiguration;
			buildSettings = {
				ALWAYS_SEARCH_USER_PATHS = NO;
				CLANG_ANALYZER_NONNULL = YES;
				CLANG_CXX_LANGUAGE_STANDARD = "gnu++0x";
				CLANG_CXX_LIBRARY = "libc++";
				CLANG_ENABLE_MODULES = YES;
				CLANG_ENABLE_OBJC_ARC = YES;
				CLANG_WARN_BOOL_CONVERSION = YES;
				CLANG_WARN_CONSTANT_CONVERSION = YES;
				CLANG_WARN_DIRECT_OBJC_ISA_USAGE = YES_ERROR;
				CLANG_WARN_DOCUMENTATION_COMMENTS = YES;
				CLANG_WARN_EMPTY_BODY = YES;
				CLANG_WARN_ENUM_CONVERSION = YES;
				CLANG_WARN_INFINITE_RECURSION = YES;
				CLANG_WARN_INT_CONVERSION = YES;
				CLANG_WARN_OBJC_ROOT_CLASS = YES_ERROR;
				CLANG_WARN_SUSPICIOUS_MOVE = YES;
				CLANG_WARN_UNREACHABLE_CODE = YES;
				CLANG_WARN__DUPLICATE_METHOD_MATCH = YES;
				"CODE_SIGN_IDENTITY[sdk=iphoneos*]" = "iPhone Developer";
				COPY_PHASE_STRIP = NO;
				DEBUG_INFORMATION_FORMAT = "dwarf-with-dsym";
				ENABLE_NS_ASSERTIONS = NO;
				ENABLE_STRICT_OBJC_MSGSEND = YES;
				GCC_C_LANGUAGE_STANDARD = gnu99;
				GCC_NO_COMMON_BLOCKS = YES;
				GCC_WARN_64_TO_32_BIT_CONVERSION = YES;
				GCC_WARN_ABOUT_RETURN_TYPE = YES_ERROR;
				GCC_WARN_UNDECLARED_SELECTOR = YES;
				GCC_WARN_UNINITIALIZED_AUTOS = YES_AGGRESSIVE;
				GCC_WARN_UNUSED_FUNCTION = YES;
				GCC_WARN_UNUSED_VARIABLE = YES;
				IPHONEOS_DEPLOYMENT_TARGET = 10.2;
				MTL_ENABLE_DEBUG_INFO = NO;
				SDKROOT = iphoneos;
				VALIDATE_PRODUCT = YES;
			};
			name = Release;
		};
		E20AC9811E0EFADD005C2EB1 /* Debug */ = {
			isa = XCBuildConfiguration;
			buildSettings = {
				DEVELOPMENT_TEAM = 59DYL5X825;
				OTHER_LDFLAGS = "-ObjC";
				PRODUCT_NAME = "$(TARGET_NAME)";
				SKIP_INSTALL = YES;
			};
			name = Debug;
		};
		E20AC9821E0EFADD005C2EB1 /* Release */ = {
			isa = XCBuildConfiguration;
			buildSettings = {
				DEVELOPMENT_TEAM = 59DYL5X825;
				OTHER_LDFLAGS = "-ObjC";
				PRODUCT_NAME = "$(TARGET_NAME)";
				SKIP_INSTALL = YES;
			};
			name = Release;
		};
/* End XCBuildConfiguration section */

/* Begin XCConfigurationList section */
		E20AC9721E0EFADD005C2EB1 /* Build configuration list for PBXProject "RNCubeTransition" */ = {
			isa = XCConfigurationList;
			buildConfigurations = (
				E20AC97E1E0EFADD005C2EB1 /* Debug */,
				E20AC97F1E0EFADD005C2EB1 /* Release */,
			);
			defaultConfigurationIsVisible = 0;
			defaultConfigurationName = Release;
		};
		E20AC9801E0EFADD005C2EB1 /* Build configuration list for PBXNativeTarget "RNCubeTransition" */ = {
			isa = XCConfigurationList;
			buildConfigurations = (
				E20AC9811E0EFADD005C2EB1 /* Debug */,
				E20AC9821E0EFADD005C2EB1 /* Release */,
			);
			defaultConfigurationIsVisible = 0;
		};
/* End XCConfigurationList section */
	};
	rootObject = E20AC96F1E0EFADD005C2EB1 /* Project object */;
}
